{
  "version": 4,
  "terraform_version": "1.14.3",
  "serial": 36,
  "lineage": "80f0afad-bf25-06f7-72b7-051a4a3d5579",
  "outputs": {},
  "resources": [
    {
      "mode": "managed",
      "type": "kubernetes_config_map_v1",
      "name": "nginx_conf",
      "provider": "provider[\"registry.terraform.io/hashicorp/kubernetes\"]",
      "instances": [
        {
          "schema_version": 0,
          "attributes": {
            "binary_data": {},
            "data": {
              "app.conf": "server {\n    listen       3000;\n    listen  [::]:3000;\n    server_name  localhost;\n\n    location / {\n        root   /usr/share/nginx/html;\n        index  index.html index.htm;\n        try_files $uri $uri/ /index.html;\n    }\n\n    error_page   500 502 503 504  /50x.html;\n    location = /50x.html {\n        root   /usr/share/nginx/html;\n    }\n\n    location /api/ {\n        # CORREÇÃO: Usa o namespace dinâmico (app) em vez de 'default'\n        proxy_pass http://api.app:8000;\n        \n        proxy_set_header Host $host;\n        proxy_set_header X-Real-IP $remote_addr;\n        proxy_set_header X-Forwarded-For $proxy_add_x_forwarded_for;\n\n        add_header 'Access-Control-Allow-Origin' 'http://localhost:3000' always;\n        add_header 'Access-Control-Allow-Methods' 'GET, POST, OPTIONS, PUT, DELETE' always;\n        add_header 'Access-Control-Allow-Headers' 'Origin, Content-Type, Accept, Authorization' always;\n        add_header 'Access-Control-Allow-Credentials' 'true' always;\n\n        if ($request_method = 'OPTIONS') {\n            add_header 'Access-Control-Max-Age' 1728000;\n            add_header 'Content-Type' 'text/plain; charset=UTF-8';\n            add_header 'Content-Length' 0;\n            return 204;\n        }\n    }\n}\n"
            },
            "id": "app/nginx-conf",
            "immutable": false,
            "metadata": [
              {
                "annotations": {},
                "generate_name": "",
                "generation": 0,
                "labels": {},
                "name": "nginx-conf",
                "namespace": "app",
                "resource_version": "587",
                "uid": "0ea70016-9a60-442b-9e42-bf8860dd84b5"
              }
            ]
          },
          "sensitive_attributes": [],
          "identity_schema_version": 1,
          "identity": {
            "api_version": "v1",
            "kind": "ConfigMap",
            "name": "nginx-conf",
            "namespace": "app"
          },
          "private": "bnVsbA==",
          "dependencies": [
            "kubernetes_namespace_v1.app",
            "minikube_cluster.docker"
          ]
        }
      ]
    },
    {
      "mode": "managed",
      "type": "kubernetes_deployment_v1",
      "name": "api",
      "provider": "provider[\"registry.terraform.io/hashicorp/kubernetes\"]",
      "instances": [
        {
          "schema_version": 1,
          "attributes": {
            "id": "app/api",
            "metadata": [
              {
                "annotations": {},
                "generate_name": "",
                "generation": 1,
                "labels": {
                  "app": "api"
                },
                "name": "api",
                "namespace": "app",
                "resource_version": "747",
                "uid": "542ea654-1be3-466f-8690-74b59f652ea8"
              }
            ],
            "spec": [
              {
                "min_ready_seconds": 0,
                "paused": false,
                "progress_deadline_seconds": 600,
                "replicas": "1",
                "revision_history_limit": 10,
                "selector": [
                  {
                    "match_expressions": [],
                    "match_labels": {
                      "app": "api"
                    }
                  }
                ],
                "strategy": [
                  {
                    "rolling_update": [
                      {
                        "max_surge": "25%",
                        "max_unavailable": "25%"
                      }
                    ],
                    "type": "RollingUpdate"
                  }
                ],
                "template": [
                  {
                    "metadata": [
                      {
                        "annotations": {},
                        "generate_name": "",
                        "generation": 0,
                        "labels": {
                          "app": "api"
                        },
                        "name": "",
                        "namespace": "",
                        "resource_version": "",
                        "uid": ""
                      }
                    ],
                    "spec": [
                      {
                        "active_deadline_seconds": 0,
                        "affinity": [],
                        "automount_service_account_token": true,
                        "container": [
                          {
                            "args": [
                              "cd /app \u0026\u0026 poetry run uvicorn backend.src.main:app --host 0.0.0.0 --port 8000"
                            ],
                            "command": [
                              "/bin/sh",
                              "-c"
                            ],
                            "env": [
                              {
                                "name": "PYTHONPATH",
                                "value": "/app",
                                "value_from": []
                              }
                            ],
                            "env_from": [
                              {
                                "config_map_ref": [],
                                "prefix": "",
                                "secret_ref": [
                                  {
                                    "name": "cstrader-env",
                                    "optional": false
                                  }
                                ]
                              }
                            ],
                            "image": "cstrader:latest",
                            "image_pull_policy": "Never",
                            "lifecycle": [],
                            "liveness_probe": [],
                            "name": "cstrader",
                            "port": [
                              {
                                "container_port": 8000,
                                "host_ip": "",
                                "host_port": 0,
                                "name": "",
                                "protocol": "TCP"
                              }
                            ],
                            "readiness_probe": [],
                            "resources": [
                              {
                                "limits": {
                                  "cpu": "500m",
                                  "memory": "512Mi"
                                },
                                "requests": {
                                  "cpu": "250m",
                                  "memory": "128Mi"
                                }
                              }
                            ],
                            "restart_policy": "",
                            "security_context": [],
                            "startup_probe": [],
                            "stdin": false,
                            "stdin_once": false,
                            "termination_message_path": "/dev/termination-log",
                            "termination_message_policy": "File",
                            "tty": false,
                            "volume_device": [],
                            "volume_mount": [],
                            "working_dir": ""
                          }
                        ],
                        "dns_config": [],
                        "dns_policy": "ClusterFirst",
                        "enable_service_links": true,
                        "host_aliases": [],
                        "host_ipc": false,
                        "host_network": false,
                        "host_pid": false,
                        "hostname": "",
                        "image_pull_secrets": [],
                        "init_container": [],
                        "node_name": "",
                        "node_selector": {},
                        "os": [],
                        "priority_class_name": "",
                        "readiness_gate": [],
                        "restart_policy": "Always",
                        "runtime_class_name": "",
                        "scheduler_name": "default-scheduler",
                        "security_context": [],
                        "service_account_name": "",
                        "share_process_namespace": false,
                        "subdomain": "",
                        "termination_grace_period_seconds": 30,
                        "toleration": [],
                        "topology_spread_constraint": [],
                        "volume": []
                      }
                    ]
                  }
                ]
              }
            ],
            "timeouts": null,
            "wait_for_rollout": true
          },
          "sensitive_attributes": [],
          "identity_schema_version": 1,
          "identity": {
            "api_version": "apps/v1",
            "kind": "Deployment",
            "name": "api",
            "namespace": "app"
          },
          "private": "eyJlMmJmYjczMC1lY2FhLTExZTYtOGY4OC0zNDM2M2JjN2M0YzAiOnsiY3JlYXRlIjo2MDAwMDAwMDAwMDAsImRlbGV0ZSI6NjAwMDAwMDAwMDAwLCJ1cGRhdGUiOjYwMDAwMDAwMDAwMH0sInNjaGVtYV92ZXJzaW9uIjoiMSJ9",
          "dependencies": [
            "kubernetes_namespace_v1.app",
            "kubernetes_secret_v1.cstrader-env",
            "kubernetes_stateful_set_v1.database",
            "minikube_cluster.docker"
          ]
        }
      ]
    },
    {
      "mode": "managed",
      "type": "kubernetes_deployment_v1",
      "name": "frontend",
      "provider": "provider[\"registry.terraform.io/hashicorp/kubernetes\"]",
      "instances": [
        {
          "schema_version": 1,
          "attributes": {
            "id": "app/frontend",
            "metadata": [
              {
                "annotations": {},
                "generate_name": "",
                "generation": 1,
                "labels": {
                  "app": "frontend"
                },
                "name": "frontend",
                "namespace": "app",
                "resource_version": "2983",
                "uid": "6fc3b78c-8092-4422-83e6-0646b6356d87"
              }
            ],
            "spec": [
              {
                "min_ready_seconds": 0,
                "paused": false,
                "progress_deadline_seconds": 600,
                "replicas": "1",
                "revision_history_limit": 10,
                "selector": [
                  {
                    "match_expressions": [],
                    "match_labels": {
                      "app": "frontend"
                    }
                  }
                ],
                "strategy": [
                  {
                    "rolling_update": [
                      {
                        "max_surge": "25%",
                        "max_unavailable": "25%"
                      }
                    ],
                    "type": "RollingUpdate"
                  }
                ],
                "template": [
                  {
                    "metadata": [
                      {
                        "annotations": {},
                        "generate_name": "",
                        "generation": 0,
                        "labels": {
                          "app": "frontend"
                        },
                        "name": "",
                        "namespace": "",
                        "resource_version": "",
                        "uid": ""
                      }
                    ],
                    "spec": [
                      {
                        "active_deadline_seconds": 0,
                        "affinity": [],
                        "automount_service_account_token": true,
                        "container": [
                          {
                            "args": [],
                            "command": [],
                            "env": [],
                            "env_from": [],
                            "image": "cstrader-frontend:latest",
                            "image_pull_policy": "Never",
                            "lifecycle": [],
                            "liveness_probe": [],
                            "name": "cstrader-frontend",
                            "port": [
                              {
                                "container_port": 3000,
                                "host_ip": "",
                                "host_port": 0,
                                "name": "",
                                "protocol": "TCP"
                              }
                            ],
                            "readiness_probe": [],
                            "resources": [
                              {
                                "limits": {},
                                "requests": {}
                              }
                            ],
                            "restart_policy": "",
                            "security_context": [],
                            "startup_probe": [],
                            "stdin": false,
                            "stdin_once": false,
                            "termination_message_path": "/dev/termination-log",
                            "termination_message_policy": "File",
                            "tty": false,
                            "volume_device": [],
                            "volume_mount": [
                              {
                                "mount_path": "/etc/nginx/conf.d/",
                                "mount_propagation": "None",
                                "name": "nginx-config-volume",
                                "read_only": false,
                                "sub_path": "",
                                "sub_path_expr": ""
                              }
                            ],
                            "working_dir": ""
                          }
                        ],
                        "dns_config": [],
                        "dns_policy": "ClusterFirst",
                        "enable_service_links": true,
                        "host_aliases": [],
                        "host_ipc": false,
                        "host_network": false,
                        "host_pid": false,
                        "hostname": "",
                        "image_pull_secrets": [],
                        "init_container": [],
                        "node_name": "",
                        "node_selector": {},
                        "os": [],
                        "priority_class_name": "",
                        "readiness_gate": [],
                        "restart_policy": "Always",
                        "runtime_class_name": "",
                        "scheduler_name": "default-scheduler",
                        "security_context": [],
                        "service_account_name": "",
                        "share_process_namespace": false,
                        "subdomain": "",
                        "termination_grace_period_seconds": 30,
                        "toleration": [],
                        "topology_spread_constraint": [],
                        "volume": [
                          {
                            "aws_elastic_block_store": [],
                            "azure_disk": [],
                            "azure_file": [],
                            "ceph_fs": [],
                            "cinder": [],
                            "config_map": [
                              {
                                "default_mode": "0644",
                                "items": [],
                                "name": "nginx-conf",
                                "optional": false
                              }
                            ],
                            "csi": [],
                            "downward_api": [],
                            "empty_dir": [],
                            "ephemeral": [],
                            "fc": [],
                            "flex_volume": [],
                            "flocker": [],
                            "gce_persistent_disk": [],
                            "git_repo": [],
                            "glusterfs": [],
                            "host_path": [],
                            "iscsi": [],
                            "local": [],
                            "name": "nginx-config-volume",
                            "nfs": [],
                            "persistent_volume_claim": [],
                            "photon_persistent_disk": [],
                            "projected": [],
                            "quobyte": [],
                            "rbd": [],
                            "secret": [],
                            "vsphere_volume": []
                          }
                        ]
                      }
                    ]
                  }
                ]
              }
            ],
            "timeouts": null,
            "wait_for_rollout": true
          },
          "sensitive_attributes": [],
          "identity_schema_version": 1,
          "identity": {
            "api_version": "apps/v1",
            "kind": "Deployment",
            "name": "frontend",
            "namespace": "app"
          },
          "private": "eyJlMmJmYjczMC1lY2FhLTExZTYtOGY4OC0zNDM2M2JjN2M0YzAiOnsiY3JlYXRlIjo2MDAwMDAwMDAwMDAsImRlbGV0ZSI6NjAwMDAwMDAwMDAwLCJ1cGRhdGUiOjYwMDAwMDAwMDAwMH0sInNjaGVtYV92ZXJzaW9uIjoiMSJ9",
          "dependencies": [
            "kubernetes_config_map_v1.nginx_conf",
            "kubernetes_namespace_v1.app",
            "kubernetes_service_v1.api",
            "kubernetes_service_v1.database",
            "minikube_cluster.docker",
            "null_resource.docker_build_load"
          ]
        }
      ]
    },
    {
      "mode": "managed",
      "type": "kubernetes_ingress_v1",
      "name": "cstrader_ingress",
      "provider": "provider[\"registry.terraform.io/hashicorp/kubernetes\"]",
      "instances": [
        {
          "schema_version": 0,
          "attributes": {
            "id": "app/cstrader-ingress",
            "metadata": [
              {
                "annotations": {
                  "nginx.ingress.kubernetes.io/rewrite-target": "/"
                },
                "generate_name": "",
                "generation": 1,
                "labels": {},
                "name": "cstrader-ingress",
                "namespace": "app",
                "resource_version": "794",
                "uid": "e909f2be-3f46-41f1-b7c6-65449f753169"
              }
            ],
            "spec": [
              {
                "default_backend": [],
                "ingress_class_name": "nginx",
                "rule": [
                  {
                    "host": "cstrader.local",
                    "http": [
                      {
                        "path": [
                          {
                            "backend": [
                              {
                                "resource": [],
                                "service": [
                                  {
                                    "name": "frontend",
                                    "port": [
                                      {
                                        "name": "",
                                        "number": 3000
                                      }
                                    ]
                                  }
                                ]
                              }
                            ],
                            "path": "/",
                            "path_type": "Prefix"
                          },
                          {
                            "backend": [
                              {
                                "resource": [],
                                "service": [
                                  {
                                    "name": "api",
                                    "port": [
                                      {
                                        "name": "",
                                        "number": 8000
                                      }
                                    ]
                                  }
                                ]
                              }
                            ],
                            "path": "/api",
                            "path_type": "Prefix"
                          }
                        ]
                      }
                    ]
                  }
                ],
                "tls": [
                  {
                    "hosts": [
                      "cstrader.local"
                    ],
                    "secret_name": "cstrader-tls-secret"
                  }
                ]
              }
            ],
            "status": [
              {
                "load_balancer": [
                  {
                    "ingress": [
                      {
                        "hostname": "",
                        "ip": "192.168.49.2"
                      }
                    ]
                  }
                ]
              }
            ],
            "timeouts": null,
            "wait_for_load_balancer": null
          },
          "sensitive_attributes": [],
          "identity_schema_version": 1,
          "identity": {
            "api_version": "networking.k8s.io/v1",
            "kind": "Ingress",
            "name": "cstrader-ingress",
            "namespace": "app"
          },
          "private": "eyJlMmJmYjczMC1lY2FhLTExZTYtOGY4OC0zNDM2M2JjN2M0YzAiOnsiY3JlYXRlIjoxMjAwMDAwMDAwMDAwLCJkZWxldGUiOjEyMDAwMDAwMDAwMDB9fQ==",
          "dependencies": [
            "kubernetes_namespace_v1.app",
            "kubernetes_secret_v1.cstrader_tls",
            "kubernetes_service_v1.api",
            "kubernetes_service_v1.frontend",
            "minikube_cluster.docker",
            "null_resource.fix_ingress_webhook",
            "tls_private_key.cstrader_key",
            "tls_self_signed_cert.cstrader_cert"
          ]
        }
      ]
    },
    {
      "mode": "managed",
      "type": "kubernetes_job_v1",
      "name": "db_setup",
      "provider": "provider[\"registry.terraform.io/hashicorp/kubernetes\"]",
      "instances": [
        {
          "status": "tainted",
          "schema_version": 1,
          "attributes": {
            "id": "app/db-setup",
            "metadata": [
              {
                "annotations": {},
                "generate_name": "",
                "generation": 1,
                "labels": {
                  "app": "db-setup"
                },
                "name": "db-setup",
                "namespace": "app",
                "resource_version": "3044",
                "uid": "ed102b03-158a-44be-aad6-422cb42c44b7"
              }
            ],
            "spec": [
              {
                "active_deadline_seconds": 0,
                "backoff_limit": 4,
                "backoff_limit_per_index": 0,
                "completion_mode": "NonIndexed",
                "completions": 1,
                "manual_selector": false,
                "max_failed_indexes": 0,
                "parallelism": 1,
                "pod_failure_policy": [],
                "selector": [
                  {
                    "match_expressions": [],
                    "match_labels": null
                  }
                ],
                "template": [
                  {
                    "metadata": [
                      {
                        "annotations": {},
                        "generate_name": "",
                        "generation": 0,
                        "labels": {
                          "app": "db-setup"
                        },
                        "name": "",
                        "resource_version": "",
                        "uid": ""
                      }
                    ],
                    "spec": [
                      {
                        "active_deadline_seconds": 0,
                        "affinity": [],
                        "automount_service_account_token": true,
                        "container": [
                          {
                            "args": [
                              "echo \"🚀 Starting Migrations...\" \u0026\u0026\npoetry run alembic -c backend/alembic.ini upgrade head\n              \necho \"🌱 Seeding Admin User...\" \u0026\u0026\npoetry run python src/initialize_admin.py \u0026\u0026\n\necho \"✅ All Done!\"\n"
                            ],
                            "command": [
                              "/bin/sh",
                              "-c"
                            ],
                            "env": [
                              {
                                "name": "PYTHONPATH",
                                "value": "/app",
                                "value_from": []
                              }
                            ],
                            "env_from": [
                              {
                                "config_map_ref": [],
                                "prefix": "",
                                "secret_ref": [
                                  {
                                    "name": "cstrader-env",
                                    "optional": false
                                  }
                                ]
                              }
                            ],
                            "image": "cstrader:latest",
                            "image_pull_policy": "Never",
                            "lifecycle": [],
                            "liveness_probe": [],
                            "name": "migrator",
                            "port": [],
                            "readiness_probe": [],
                            "resources": [
                              {
                                "limits": {},
                                "requests": {}
                              }
                            ],
                            "restart_policy": "",
                            "security_context": [],
                            "startup_probe": [],
                            "stdin": false,
                            "stdin_once": false,
                            "termination_message_path": "/dev/termination-log",
                            "termination_message_policy": "File",
                            "tty": false,
                            "volume_device": [],
                            "volume_mount": [],
                            "working_dir": ""
                          }
                        ],
                        "dns_config": [],
                        "dns_policy": "ClusterFirst",
                        "enable_service_links": true,
                        "host_aliases": [],
                        "host_ipc": false,
                        "host_network": false,
                        "host_pid": false,
                        "hostname": "",
                        "image_pull_secrets": [],
                        "init_container": [
                          {
                            "args": [],
                            "command": [
                              "sh",
                              "-c",
                              "until nc -z database 5432; do echo 'Waiting for Postgres...'; sleep 2; done;"
                            ],
                            "env": [],
                            "env_from": [],
                            "image": "busybox",
                            "image_pull_policy": "Always",
                            "lifecycle": [],
                            "liveness_probe": [],
                            "name": "wait-for-postgres",
                            "port": [],
                            "readiness_probe": [],
                            "resources": [
                              {
                                "limits": {},
                                "requests": {}
                              }
                            ],
                            "restart_policy": "",
                            "security_context": [],
                            "startup_probe": [],
                            "stdin": false,
                            "stdin_once": false,
                            "termination_message_path": "/dev/termination-log",
                            "termination_message_policy": "File",
                            "tty": false,
                            "volume_device": [],
                            "volume_mount": [],
                            "working_dir": ""
                          }
                        ],
                        "node_name": "",
                        "node_selector": {},
                        "os": [],
                        "priority_class_name": "",
                        "readiness_gate": [],
                        "restart_policy": "OnFailure",
                        "runtime_class_name": "",
                        "scheduler_name": "default-scheduler",
                        "security_context": [],
                        "service_account_name": "",
                        "share_process_namespace": false,
                        "subdomain": "",
                        "termination_grace_period_seconds": 30,
                        "toleration": [],
                        "topology_spread_constraint": [],
                        "volume": []
                      }
                    ]
                  }
                ],
                "ttl_seconds_after_finished": "100"
              }
            ],
            "timeouts": null,
            "wait_for_completion": true
          },
          "sensitive_attributes": [],
          "identity_schema_version": 1,
          "identity": {
            "api_version": "batch/v1",
            "kind": "Job",
            "name": "db-setup",
            "namespace": "app"
          },
          "private": "eyJlMmJmYjczMC1lY2FhLTExZTYtOGY4OC0zNDM2M2JjN2M0YzAiOnsiY3JlYXRlIjo2MDAwMDAwMDAwMCwiZGVsZXRlIjo2MDAwMDAwMDAwMCwidXBkYXRlIjo2MDAwMDAwMDAwMH0sInNjaGVtYV92ZXJzaW9uIjoiMSJ9",
          "dependencies": [
            "kubernetes_namespace_v1.app",
            "kubernetes_secret_v1.cstrader-env",
            "kubernetes_service_v1.database",
            "minikube_cluster.docker",
            "null_resource.docker_build_load"
          ]
        }
      ]
    },
    {
      "mode": "managed",
      "type": "kubernetes_namespace_v1",
      "name": "app",
      "provider": "provider[\"registry.terraform.io/hashicorp/kubernetes\"]",
      "instances": [
        {
          "schema_version": 0,
          "attributes": {
            "id": "app",
            "metadata": [
              {
                "annotations": {},
                "generate_name": "",
                "generation": 0,
                "labels": {},
                "name": "app",
                "resource_version": "584",
                "uid": "e8192425-9118-43f1-a77b-381ae2ee780f"
              }
            ],
            "timeouts": null,
            "wait_for_default_service_account": false
          },
          "sensitive_attributes": [],
          "identity_schema_version": 1,
          "identity": {
            "api_version": "v1",
            "kind": "Namespace",
            "name": "app"
          },
          "private": "eyJlMmJmYjczMC1lY2FhLTExZTYtOGY4OC0zNDM2M2JjN2M0YzAiOnsiZGVsZXRlIjozMDAwMDAwMDAwMDB9fQ==",
          "dependencies": [
            "minikube_cluster.docker"
          ]
        }
      ]
    },
    {
      "mode": "managed",
      "type": "kubernetes_secret_v1",
      "name": "cstrader-env",
      "provider": "provider[\"registry.terraform.io/hashicorp/kubernetes\"]",
      "instances": [
        {
          "schema_version": 0,
          "attributes": {
            "binary_data": null,
            "binary_data_wo": null,
            "binary_data_wo_revision": null,
            "data": {
              "ACCESS_TOKEN_EXPIRE_MINUTES": "120",
              "ADMIN_EMAIL": "admin@cstrader.com",
              "ADMIN_NAME": "System Admin",
              "ADMIN_PASSWORD": "SuperSecureAdmin123!",
              "ALGORITHM": "HS256",
              "DATABASE_DRIVER": "postgresql",
              "DATABASE_HOST": "database",
              "DATABASE_NAME": "db",
              "DATABASE_PASSWORD": "password",
              "DATABASE_PORT": "5432",
              "DATABASE_URL": "postgresql://user:password@database:5432/db",
              "DATABASE_USERNAME": "user",
              "SECRET_KEY": "UMA_CHAVE_MUITO_SEGURA",
              "dbname": "db",
              "password": "password",
              "username": "user"
            },
            "data_wo": null,
            "data_wo_revision": null,
            "id": "app/cstrader-env",
            "immutable": false,
            "metadata": [
              {
                "annotations": {},
                "generate_name": "",
                "generation": 0,
                "labels": {},
                "name": "cstrader-env",
                "namespace": "app",
                "resource_version": "591",
                "uid": "26a33289-1399-4422-bf39-cad90fecf266"
              }
            ],
            "timeouts": null,
            "type": "Opaque",
            "wait_for_service_account_token": true
          },
          "sensitive_attributes": [
            [
              {
                "type": "get_attr",
                "value": "binary_data"
              }
            ],
            [
              {
                "type": "get_attr",
                "value": "data"
              }
            ],
            [
              {
                "type": "get_attr",
                "value": "data"
              },
              {
                "type": "index",
                "value": {
                  "value": "ADMIN_PASSWORD",
                  "type": "string"
                }
              }
            ],
            [
              {
                "type": "get_attr",
                "value": "data"
              },
              {
                "type": "index",
                "value": {
                  "value": "DATABASE_PASSWORD",
                  "type": "string"
                }
              }
            ],
            [
              {
                "type": "get_attr",
                "value": "data"
              },
              {
                "type": "index",
                "value": {
                  "value": "DATABASE_URL",
                  "type": "string"
                }
              }
            ],
            [
              {
                "type": "get_attr",
                "value": "data"
              },
              {
                "type": "index",
                "value": {
                  "value": "DATABASE_USERNAME",
                  "type": "string"
                }
              }
            ],
            [
              {
                "type": "get_attr",
                "value": "data"
              },
              {
                "type": "index",
                "value": {
                  "value": "SECRET_KEY",
                  "type": "string"
                }
              }
            ],
            [
              {
                "type": "get_attr",
                "value": "data"
              },
              {
                "type": "index",
                "value": {
                  "value": "password",
                  "type": "string"
                }
              }
            ],
            [
              {
                "type": "get_attr",
                "value": "data"
              },
              {
                "type": "index",
                "value": {
                  "value": "username",
                  "type": "string"
                }
              }
            ]
          ],
          "identity_schema_version": 1,
          "identity": {
            "api_version": "v1",
            "kind": "Secret",
            "name": "cstrader-env",
            "namespace": "app"
          },
          "private": "eyJlMmJmYjczMC1lY2FhLTExZTYtOGY4OC0zNDM2M2JjN2M0YzAiOnsiY3JlYXRlIjo2MDAwMDAwMDAwMH19",
          "dependencies": [
            "kubernetes_namespace_v1.app",
            "minikube_cluster.docker"
          ]
        }
      ]
    },
    {
      "mode": "managed",
      "type": "kubernetes_secret_v1",
      "name": "cstrader_tls",
      "provider": "provider[\"registry.terraform.io/hashicorp/kubernetes\"]",
      "instances": [
        {
          "schema_version": 0,
          "attributes": {
            "binary_data": null,
            "binary_data_wo": null,
            "binary_data_wo_revision": null,
            "data": {
              "tls.crt": "-----BEGIN CERTIFICATE-----\nMIIDHzCCAgegAwIBAgIQINWcWd1jObo45rykIviVuDANBgkqhkiG9w0BAQsFADAw\nMRUwEwYDVQQKEwxDU1RyYWRlciBEZXYxFzAVBgNVBAMTDmNzdHJhZGVyLmxvY2Fs\nMB4XDTI2MDExOTE5NTgwN1oXDTI3MDExOTE5NTgwN1owMDEVMBMGA1UEChMMQ1NU\ncmFkZXIgRGV2MRcwFQYDVQQDEw5jc3RyYWRlci5sb2NhbDCCASIwDQYJKoZIhvcN\nAQEBBQADggEPADCCAQoCggEBANTCxTB/gPOQdib6/qvVjYAV/poyUYxV3vEKahxr\nG2MRcMqboPqIT9CVXtogH88LpOqPvkkUc7qD59XYdiPxZsJwKTRlYOxapdga0bfR\n2HwoDjdiYie3Mbqh9mshDl80QPO3yFOXm34PU+YhHoqHa3K/5O6cDmZORBy8Js+4\nncam4qNj0f0wpjQ2hbrS+JzA31zzNFlgzUTufX2kxPPkM9rwEjhiuZef9Tcu8l3N\nCqTNGXdl45FkCcwHdDud2xANTW8CmvZM7JukvVAlozaiZYMTfgsVpjQdOg4Jmnrv\n/k8NNqCNSMkcuVoIWHuNEgfflXMoWeesr6zTJB34O0jvkTMCAwEAAaM1MDMwDgYD\nVR0PAQH/BAQDAgWgMBMGA1UdJQQMMAoGCCsGAQUFBwMBMAwGA1UdEwEB/wQCMAAw\nDQYJKoZIhvcNAQELBQADggEBAGMAPAOsdj2yDFPOV48IIk45FzzaW+ozaOxGt3pL\n8DdN16sRaRUtQH9YzSNLBiKPecT4zPFQBSc0YuD17y1+rvdO+3XynO2c6OKqwuEL\nlT3dd3V2BalS5o9hiYXl0pCaPmo2kLgIlUHaSkaX5Ab2OICdLOAzVowdYWxTRM0Q\ng/NvPb9f2vzWlMPMpv6UHXcLSB8aH/SuICUMbN0+Y9sjoMvyy1vKW/xq+8G/luqU\nU+Z9fVI7TpcnlFs/gX0jrqV5UxtWCef9cxvC+oHO15OC9rJwl6Za+H8LsgPo3GFv\nLzNWdEX0QDbpivoNTamroM37xJt9gTs3E7882C1i/yj+mEU=\n-----END CERTIFICATE-----\n",
              "tls.key": "-----BEGIN RSA PRIVATE KEY-----\nMIIEowIBAAKCAQEA1MLFMH+A85B2Jvr+q9WNgBX+mjJRjFXe8QpqHGsbYxFwypug\n+ohP0JVe2iAfzwuk6o++SRRzuoPn1dh2I/FmwnApNGVg7Fql2BrRt9HYfCgON2Ji\nJ7cxuqH2ayEOXzRA87fIU5ebfg9T5iEeiodrcr/k7pwOZk5EHLwmz7idxqbio2PR\n/TCmNDaFutL4nMDfXPM0WWDNRO59faTE8+Qz2vASOGK5l5/1Ny7yXc0KpM0Zd2Xj\nkWQJzAd0O53bEA1NbwKa9kzsm6S9UCWjNqJlgxN+CxWmNB06Dgmaeu/+Tw02oI1I\nyRy5WghYe40SB9+VcyhZ56yvrNMkHfg7SO+RMwIDAQABAoIBAAN67B7O9x0Ez+nz\nURcedyIROgjrqcnR3cOzl+i/F8OXFXE6+nceo6+VwedvfxWz6w6rK0Gmw/3ZCoHE\n+Km92SB1FTd2MQ+sq+nNBoErPY9KWHEvesuLg5S58X3vHH0SLb3O08gKQtDdD1JE\nWGuLq4ZE/Ump49JolVSi/z+GlY4aRRDgn/sfbXRfuZxwiYkjTb+Qe5jo3H5STaTv\nnY4MBuRqjIcKY6Zauc8bd3GLVy6vLW+r/U6DwPDG1CqXoFwz9eG/HLrKCzSQDuy7\nRbpWm9IT5Wi4a4//EyNLEd58SJbpBJdTE9RzczYJoUeaYVOUVbFfs1JAU3MvdQdD\nuGQBB4ECgYEA1gWH2XLpDguvKAWr3GzasX6gjwrAJli4dDsEu66gGeBvxNVseADB\nbThPVLdNnWIyR8Cwy41JoneS4Im684hdWIDU5q215q3IxwXu3QvKTu0sQRSHdIso\nx35cKx995uE7MwizIpnHEzv35gi0elq+97sTPLn5NQyhWBD2otLcnN8CgYEA/n3u\n3s8ycQqil+/dFg5EDp3KP7iMQd02/+PB1FYVEjscu9Adu64uuyPSlrjv+D1D3XOA\nUqRT2N/5ILqIaIan0S3w7w2osjPENDDafDsApbSJv656ERU4eaM1wSKSyj+V9DpR\nwQs1QIIpcid28AtMQKeCzHk/fZut7NVsqbiZwi0CgYAITEyZHMB2f/N5nMauFDZi\nfWNiSGts0THNp+AmGr4wYqhSvGepO3ZEctN4mGbU/FKwv4LbUY4SU4qJVC3AdYAR\nB2W5z/BmkkRfmxZI0cU1TDLUDyS1WxPosDiIn371LbRq5SJ06/tw/nk9HQdKWyxe\nVI2JZDiKWwQCcx3s8DoHhwKBgQDlwI+Me4ZQY4eSn6v7I3nxsCZNDLEjLTFgJyBw\nMB7pzJAORr7xFzl9HcQa6m9KrxS7snChK1W/L8Tb9Ur9AsQypsUjLDOmXfG+JHS7\nPxFAiBLsB/qPvZa0ydHXwPzAtlMMoDH6k8HJsTj1pAdOgwSeQhxluPjGz2tfqvZk\n6xF1KQKBgHqzimgtev7IRWSKnxOFpUgUC5QcMP7QJYvCzuzb6wbDfmvNrY0+5I0H\nOwm0zyJ20ygGr2oyPlpihQ/J7Yx46dZb3CPFznXB2z6cuFfBqEO192PPKqNvIb+q\nbrAw+BOPbQZjHtXBYOsqKT/usX5633WyqA5aQJUtEuvv4f7s0nH7\n-----END RSA PRIVATE KEY-----\n"
            },
            "data_wo": null,
            "data_wo_revision": null,
            "id": "app/cstrader-tls-secret",
            "immutable": false,
            "metadata": [
              {
                "annotations": {},
                "generate_name": "",
                "generation": 0,
                "labels": {},
                "name": "cstrader-tls-secret",
                "namespace": "app",
                "resource_version": "592",
                "uid": "eca5678c-2ad5-4a9a-9097-252aef6f89a8"
              }
            ],
            "timeouts": null,
            "type": "kubernetes.io/tls",
            "wait_for_service_account_token": true
          },
          "sensitive_attributes": [
            [
              {
                "type": "get_attr",
                "value": "binary_data"
              }
            ],
            [
              {
                "type": "get_attr",
                "value": "data"
              }
            ],
            [
              {
                "type": "get_attr",
                "value": "data"
              },
              {
                "type": "index",
                "value": {
                  "value": "tls.key",
                  "type": "string"
                }
              }
            ]
          ],
          "identity_schema_version": 1,
          "identity": {
            "api_version": "v1",
            "kind": "Secret",
            "name": "cstrader-tls-secret",
            "namespace": "app"
          },
          "private": "eyJlMmJmYjczMC1lY2FhLTExZTYtOGY4OC0zNDM2M2JjN2M0YzAiOnsiY3JlYXRlIjo2MDAwMDAwMDAwMH19",
          "dependencies": [
            "kubernetes_namespace_v1.app",
            "minikube_cluster.docker",
            "tls_private_key.cstrader_key",
            "tls_self_signed_cert.cstrader_cert"
          ]
        }
      ]
    },
    {
      "mode": "managed",
      "type": "kubernetes_service_v1",
      "name": "api",
      "provider": "provider[\"registry.terraform.io/hashicorp/kubernetes\"]",
      "instances": [
        {
          "schema_version": 1,
          "attributes": {
            "id": "app/api",
            "metadata": [
              {
                "annotations": {},
                "generate_name": "",
                "generation": 0,
                "labels": {},
                "name": "api",
                "namespace": "app",
                "resource_version": "593",
                "uid": "7ca50456-5182-4524-ac04-1ad10f29025f"
              }
            ],
            "spec": [
              {
                "allocate_load_balancer_node_ports": true,
                "cluster_ip": "10.104.29.252",
                "cluster_ips": [
                  "10.104.29.252"
                ],
                "external_ips": [],
                "external_name": "",
                "external_traffic_policy": "",
                "health_check_node_port": 0,
                "internal_traffic_policy": "Cluster",
                "ip_families": [
                  "IPv4"
                ],
                "ip_family_policy": "SingleStack",
                "load_balancer_class": "",
                "load_balancer_ip": "",
                "load_balancer_source_ranges": [],
                "port": [
                  {
                    "app_protocol": "",
                    "name": "",
                    "node_port": 0,
                    "port": 8000,
                    "protocol": "TCP",
                    "target_port": "8000"
                  }
                ],
                "publish_not_ready_addresses": false,
                "selector": {
                  "app": "api"
                },
                "session_affinity": "None",
                "session_affinity_config": [],
                "type": "ClusterIP"
              }
            ],
            "status": [
              {
                "load_balancer": [
                  {
                    "ingress": []
                  }
                ]
              }
            ],
            "timeouts": null,
            "wait_for_load_balancer": true
          },
          "sensitive_attributes": [],
          "identity_schema_version": 1,
          "identity": {
            "api_version": "v1",
            "kind": "Service",
            "name": "api",
            "namespace": "app"
          },
          "private": "eyJlMmJmYjczMC1lY2FhLTExZTYtOGY4OC0zNDM2M2JjN2M0YzAiOnsiY3JlYXRlIjo2MDAwMDAwMDAwMDB9LCJzY2hlbWFfdmVyc2lvbiI6IjEifQ==",
          "dependencies": [
            "kubernetes_namespace_v1.app",
            "minikube_cluster.docker"
          ]
        }
      ]
    },
    {
      "mode": "managed",
      "type": "kubernetes_service_v1",
      "name": "database",
      "provider": "provider[\"registry.terraform.io/hashicorp/kubernetes\"]",
      "instances": [
        {
          "schema_version": 1,
          "attributes": {
            "id": "app/database",
            "metadata": [
              {
                "annotations": {},
                "generate_name": "",
                "generation": 0,
                "labels": {},
                "name": "database",
                "namespace": "app",
                "resource_version": "589",
                "uid": "fd6c9c7c-b19e-4dd5-97cc-51b344637480"
              }
            ],
            "spec": [
              {
                "allocate_load_balancer_node_ports": true,
                "cluster_ip": "10.99.209.92",
                "cluster_ips": [
                  "10.99.209.92"
                ],
                "external_ips": [],
                "external_name": "",
                "external_traffic_policy": "",
                "health_check_node_port": 0,
                "internal_traffic_policy": "Cluster",
                "ip_families": [
                  "IPv4"
                ],
                "ip_family_policy": "SingleStack",
                "load_balancer_class": "",
                "load_balancer_ip": "",
                "load_balancer_source_ranges": [],
                "port": [
                  {
                    "app_protocol": "",
                    "name": "",
                    "node_port": 0,
                    "port": 5432,
                    "protocol": "TCP",
                    "target_port": "5432"
                  }
                ],
                "publish_not_ready_addresses": false,
                "selector": {
                  "app": "database"
                },
                "session_affinity": "None",
                "session_affinity_config": [],
                "type": "ClusterIP"
              }
            ],
            "status": [
              {
                "load_balancer": [
                  {
                    "ingress": []
                  }
                ]
              }
            ],
            "timeouts": null,
            "wait_for_load_balancer": true
          },
          "sensitive_attributes": [],
          "identity_schema_version": 1,
          "identity": {
            "api_version": "v1",
            "kind": "Service",
            "name": "database",
            "namespace": "app"
          },
          "private": "eyJlMmJmYjczMC1lY2FhLTExZTYtOGY4OC0zNDM2M2JjN2M0YzAiOnsiY3JlYXRlIjo2MDAwMDAwMDAwMDB9LCJzY2hlbWFfdmVyc2lvbiI6IjEifQ==",
          "dependencies": [
            "kubernetes_namespace_v1.app",
            "minikube_cluster.docker"
          ]
        }
      ]
    },
    {
      "mode": "managed",
      "type": "kubernetes_service_v1",
      "name": "frontend",
      "provider": "provider[\"registry.terraform.io/hashicorp/kubernetes\"]",
      "instances": [
        {
          "schema_version": 1,
          "attributes": {
            "id": "app/frontend",
            "metadata": [
              {
                "annotations": {},
                "generate_name": "",
                "generation": 0,
                "labels": {},
                "name": "frontend",
                "namespace": "app",
                "resource_version": "600",
                "uid": "fdb612ec-1d40-4a8c-8d07-064078e1a65f"
              }
            ],
            "spec": [
              {
                "allocate_load_balancer_node_ports": true,
                "cluster_ip": "10.96.187.237",
                "cluster_ips": [
                  "10.96.187.237"
                ],
                "external_ips": [],
                "external_name": "",
                "external_traffic_policy": "",
                "health_check_node_port": 0,
                "internal_traffic_policy": "Cluster",
                "ip_families": [
                  "IPv4"
                ],
                "ip_family_policy": "SingleStack",
                "load_balancer_class": "",
                "load_balancer_ip": "",
                "load_balancer_source_ranges": [],
                "port": [
                  {
                    "app_protocol": "",
                    "name": "",
                    "node_port": 0,
                    "port": 3000,
                    "protocol": "TCP",
                    "target_port": "3000"
                  }
                ],
                "publish_not_ready_addresses": false,
                "selector": {
                  "app": "frontend"
                },
                "session_affinity": "None",
                "session_affinity_config": [],
                "type": "ClusterIP"
              }
            ],
            "status": [
              {
                "load_balancer": [
                  {
                    "ingress": []
                  }
                ]
              }
            ],
            "timeouts": null,
            "wait_for_load_balancer": true
          },
          "sensitive_attributes": [],
          "identity_schema_version": 1,
          "identity": {
            "api_version": "v1",
            "kind": "Service",
            "name": "frontend",
            "namespace": "app"
          },
          "private": "eyJlMmJmYjczMC1lY2FhLTExZTYtOGY4OC0zNDM2M2JjN2M0YzAiOnsiY3JlYXRlIjo2MDAwMDAwMDAwMDB9LCJzY2hlbWFfdmVyc2lvbiI6IjEifQ==",
          "dependencies": [
            "kubernetes_namespace_v1.app",
            "minikube_cluster.docker"
          ]
        }
      ]
    },
    {
      "mode": "managed",
      "type": "kubernetes_stateful_set_v1",
      "name": "database",
      "provider": "provider[\"registry.terraform.io/hashicorp/kubernetes\"]",
      "instances": [
        {
          "schema_version": 1,
          "attributes": {
            "id": "app/database",
            "metadata": [
              {
                "annotations": {},
                "generate_name": "",
                "generation": 3,
                "labels": {
                  "app": "database"
                },
                "name": "database",
                "namespace": "app",
                "resource_version": "2920",
                "uid": "634d4851-877d-4f49-a36f-9cc4ec098a52"
              }
            ],
            "spec": [
              {
                "min_ready_seconds": 0,
                "persistent_volume_claim_retention_policy": [
                  {
                    "when_deleted": "Retain",
                    "when_scaled": "Retain"
                  }
                ],
                "pod_management_policy": "OrderedReady",
                "replicas": "1",
                "revision_history_limit": 0,
                "selector": [
                  {
                    "match_expressions": [],
                    "match_labels": {
                      "app": "database"
                    }
                  }
                ],
                "service_name": "database",
                "template": [
                  {
                    "metadata": [
                      {
                        "annotations": {},
                        "generate_name": "",
                        "generation": 0,
                        "labels": {
                          "app": "database"
                        },
                        "name": "",
                        "namespace": "",
                        "resource_version": "",
                        "uid": ""
                      }
                    ],
                    "spec": [
                      {
                        "active_deadline_seconds": 0,
                        "affinity": [],
                        "automount_service_account_token": true,
                        "container": [
                          {
                            "args": [],
                            "command": [],
                            "env": [
                              {
                                "name": "POSTGRES_USER",
                                "value": "",
                                "value_from": [
                                  {
                                    "config_map_key_ref": [],
                                    "field_ref": [],
                                    "resource_field_ref": [],
                                    "secret_key_ref": [
                                      {
                                        "key": "username",
                                        "name": "cstrader-env",
                                        "optional": false
                                      }
                                    ]
                                  }
                                ]
                              },
                              {
                                "name": "POSTGRES_PASSWORD",
                                "value": "",
                                "value_from": [
                                  {
                                    "config_map_key_ref": [],
                                    "field_ref": [],
                                    "resource_field_ref": [],
                                    "secret_key_ref": [
                                      {
                                        "key": "password",
                                        "name": "cstrader-env",
                                        "optional": false
                                      }
                                    ]
                                  }
                                ]
                              },
                              {
                                "name": "POSTGRES_DB",
                                "value": "",
                                "value_from": [
                                  {
                                    "config_map_key_ref": [],
                                    "field_ref": [],
                                    "resource_field_ref": [],
                                    "secret_key_ref": [
                                      {
                                        "key": "dbname",
                                        "name": "cstrader-env",
                                        "optional": false
                                      }
                                    ]
                                  }
                                ]
                              }
                            ],
                            "env_from": [],
                            "image": "postgres:17",
                            "image_pull_policy": "IfNotPresent",
                            "lifecycle": [],
                            "liveness_probe": [],
                            "name": "postgres",
                            "port": [
                              {
                                "container_port": 5432,
                                "host_ip": "",
                                "host_port": 0,
                                "name": "postgres",
                                "protocol": "TCP"
                              }
                            ],
                            "readiness_probe": [
                              {
                                "exec": [
                                  {
                                    "command": [
                                      "psql",
                                      "-w",
                                      "-U",
                                      "user",
                                      "-d",
                                      "db",
                                      "-c",
                                      "SELECT 1"
                                    ]
                                  }
                                ],
                                "failure_threshold": 3,
                                "grpc": [],
                                "http_get": [],
                                "initial_delay_seconds": 0,
                                "period_seconds": 10,
                                "success_threshold": 1,
                                "tcp_socket": [],
                                "timeout_seconds": 5
                              }
                            ],
                            "resources": [
                              {
                                "limits": {},
                                "requests": {}
                              }
                            ],
                            "restart_policy": "",
                            "security_context": [],
                            "startup_probe": [],
                            "stdin": false,
                            "stdin_once": false,
                            "termination_message_path": "/dev/termination-log",
                            "termination_message_policy": "File",
                            "tty": false,
                            "volume_device": [],
                            "volume_mount": [
                              {
                                "mount_path": "/var/lib/postgresql/data",
                                "mount_propagation": "None",
                                "name": "postgres-data",
                                "read_only": false,
                                "sub_path": "",
                                "sub_path_expr": ""
                              }
                            ],
                            "working_dir": ""
                          }
                        ],
                        "dns_config": [],
                        "dns_policy": "ClusterFirst",
                        "enable_service_links": true,
                        "host_aliases": [],
                        "host_ipc": false,
                        "host_network": false,
                        "host_pid": false,
                        "hostname": "",
                        "image_pull_secrets": [],
                        "init_container": [],
                        "node_name": "",
                        "node_selector": {},
                        "os": [],
                        "priority_class_name": "",
                        "readiness_gate": [],
                        "restart_policy": "Always",
                        "runtime_class_name": "",
                        "scheduler_name": "default-scheduler",
                        "security_context": [],
                        "service_account_name": "",
                        "share_process_namespace": false,
                        "subdomain": "",
                        "termination_grace_period_seconds": 30,
                        "toleration": [],
                        "topology_spread_constraint": [],
                        "volume": []
                      }
                    ]
                  }
                ],
                "update_strategy": [],
                "volume_claim_template": [
                  {
                    "metadata": [
                      {
                        "annotations": {},
                        "generate_name": "",
                        "generation": 0,
                        "labels": {},
                        "name": "postgres-data",
                        "namespace": "default",
                        "resource_version": "",
                        "uid": ""
                      }
                    ],
                    "spec": [
                      {
                        "access_modes": [
                          "ReadWriteOnce"
                        ],
                        "resources": [
                          {
                            "limits": {},
                            "requests": {
                              "storage": "1Gi"
                            }
                          }
                        ],
                        "selector": [],
                        "storage_class_name": "",
                        "volume_mode": "Filesystem",
                        "volume_name": ""
                      }
                    ]
                  }
                ]
              }
            ],
            "timeouts": null,
            "wait_for_rollout": true
          },
          "sensitive_attributes": [],
          "identity_schema_version": 1,
          "identity": {
            "api_version": "apps/v1",
            "kind": "StatefulSet",
            "name": "database",
            "namespace": "app"
          },
          "private": "eyJlMmJmYjczMC1lY2FhLTExZTYtOGY4OC0zNDM2M2JjN2M0YzAiOnsiY3JlYXRlIjo2MDAwMDAwMDAwMDAsImRlbGV0ZSI6NjAwMDAwMDAwMDAwLCJyZWFkIjo2MDAwMDAwMDAwMDAsInVwZGF0ZSI6NjAwMDAwMDAwMDAwfSwic2NoZW1hX3ZlcnNpb24iOiIxIn0=",
          "dependencies": [
            "kubernetes_namespace_v1.app",
            "kubernetes_secret_v1.cstrader-env",
            "minikube_cluster.docker"
          ]
        }
      ]
    },
    {
      "mode": "managed",
      "type": "minikube_cluster",
      "name": "docker",
      "provider": "provider[\"registry.terraform.io/scott-the-programmer/minikube\"]",
      "instances": [
        {
          "schema_version": 0,
          "attributes": {
            "addons": [
              "default-storageclass",
              "ingress",
              "ingress-dns",
              "metrics-server",
              "storage-provisioner"
            ],
            "apiserver_ips": [],
            "apiserver_name": "minikubeCA",
            "apiserver_names": [],
            "apiserver_port": 8443,
            "auto_pause_interval": 1,
            "auto_update_drivers": true,
            "base_image": "gcr.io/k8s-minikube/kicbase:v0.0.48@sha256:7171c97a51623558720f8e5878e4f4637da093e2f2ed589997bedc6c1549b2b1",
            "binary_mirror": null,
            "cache_images": true,
            "cert_expiration": 1576800,
            "client_certificate": "-----BEGIN CERTIFICATE-----\nMIIDITCCAgmgAwIBAgIBAjANBgkqhkiG9w0BAQsFADAVMRMwEQYDVQQDEwptaW5p\na3ViZUNBMB4XDTI2MDExODE5NTgxNFoXDTI5MDExODE5NTgxNFowMTEXMBUGA1UE\nChMOc3lzdGVtOm1hc3RlcnMxFjAUBgNVBAMTDW1pbmlrdWJlLXVzZXIwggEiMA0G\nCSqGSIb3DQEBAQUAA4IBDwAwggEKAoIBAQC4DMFOZo+IWNeV7TJk5GoF4HwePmQK\nOPz86qxgp8u2HZVO1jSGFMuHnyNCe1S2w5ThcumjoZCe0LWA9o1ZyoXi/ddf+Mhd\nlzqq7fgXQHoE+7h+otG72emo55tVa8bHI6s0ky38x8mQRmt9GSmDCWBDUrAL8k/m\ntXu4fj/VHvq6uAygR6lXmK4M5T4YsYL/sycHIaM+cqeOHOE833wRONMfRKw+9ikQ\ntzl5MgO7ir+DcWNiv8uzLjIPdYBvgX7qrCwfpUHqS2IJ3g+qa9Baia3hCUL9uw4H\nN4dWeoJkhB5z/68mQT3SjFjbjs/C9Eju8YKNgC4C6egDB6QZEGOYmbcJAgMBAAGj\nYDBeMA4GA1UdDwEB/wQEAwIFoDAdBgNVHSUEFjAUBggrBgEFBQcDAQYIKwYBBQUH\nAwIwDAYDVR0TAQH/BAIwADAfBgNVHSMEGDAWgBRQUJ/McaL9e0K2TxuC9FUCV2Nx\nojANBgkqhkiG9w0BAQsFAAOCAQEAuJZwRO40WP0KFMMUaRuOYjrzDX12vrn0QxgZ\nicBnXyxjvSDWCavhUMTEKljUSWsRjl78oDeKZQFKTaD1GF6cBW40e0ifuC9tarVS\ndGnD951Zb+8cqbchFjIb7ZOImu/hPA5jwfhAjWLBKLmQSAd3sMWZcLCiXr46pyPN\n3IS656EcTMZ1MT0uaYumdtUbzCo2ehqsvTDoTEOkq5+mO0vKD19rOtNUk+3XQpc+\nmB+xOSgaZPimYf0vNRpsMlzwt+anoGI9JBPwzIbxJOFU+yJQRuSrxKe2MMpEJ/UG\n7RppJBj0KuhKjcnRjZxiCyotzYftcTk2erLT5b0Y5olwKVb5nA==\n-----END CERTIFICATE-----\n",
            "client_key": "-----BEGIN RSA PRIVATE KEY-----\nMIIEowIBAAKCAQEAuAzBTmaPiFjXle0yZORqBeB8Hj5kCjj8/OqsYKfLth2VTtY0\nhhTLh58jQntUtsOU4XLpo6GQntC1gPaNWcqF4v3XX/jIXZc6qu34F0B6BPu4fqLR\nu9npqOebVWvGxyOrNJMt/MfJkEZrfRkpgwlgQ1KwC/JP5rV7uH4/1R76urgMoEep\nV5iuDOU+GLGC/7MnByGjPnKnjhzhPN98ETjTH0SsPvYpELc5eTIDu4q/g3FjYr/L\nsy4yD3WAb4F+6qwsH6VB6ktiCd4PqmvQWomt4QlC/bsOBzeHVnqCZIQec/+vJkE9\n0oxY247PwvRI7vGCjYAuAunoAwekGRBjmJm3CQIDAQABAoIBAAO4Aw8YR9D23C99\niHKJ1V6WOsvKcbw6V8CtTGhZ9TLFbECyJIOLcTiMGmriEd2Gtb//nprqZwERsU+Q\nXvcwF8tBwWCBQI/4Wa+3rGo3Dxm0rSimr46YVTFPF+nLVxirYghnUbTCCkX6nK3K\nNipQpGJLDgWS+TkgwTkCfzwWKsJeo61RSua5B7ew5pxcCiOV0pa0gA/b4JDqoWTC\nGYtgfjZbUhxY1d+p9VIAKe2UnaRbrdPZDqXDV/TFoE/CFCmZHut8vkO1mu4DUuuQ\niv56uaRETsroVSXeXAakmkgbYAnAVbpsoOIrcD/fJFRkqOpRKtK0ctkNs/gzRPei\niCJOwwECgYEA0aRQ8Ex8eigkjJFpuXJvhq7DBbAyHSwkfS6XcqJSyOfN9m1/OwJ/\nk3c+DHEr7t8EI8q77PftjIRpK+flPd8MZZ3YXTpQATw0zXWUHsT/EvaQT7wq//DV\nM73t1TBQeQuFT3hytweh0YRSxgrK5X172HxOwi4vRwBoKeqpk9gbI+ECgYEA4L+w\n7dtLhUxe97tt+Bl4aK6JTs2itK7p/HmO7agxUoyKEXq/7NZ026TLCJ+Fb9SeUR+E\n4FATRQ1QP4mpVpEeJeREfjckC8adIXqU7W7agIJlfYTG1Rhft7zF4F//f3QVLCWF\ngaaMLsbmeO6alAK/BevAabkrpFDB0WOV1YFf+CkCgYANd5LDfQZaCo4egZDbGuDT\nNBLPILx3Z0iIyh9se8T5pvpyJCKSNdzgKj7QKcz6sVTgv7tGw7580ly3N1Rgnx16\nwaMOihptmeKCeFUljN4d57zpglr4yg3IHyFSGqJwxC6yJjioTVM11FxE4JicGW2F\nQKcGjlT3KK2IU8zE9JL5wQKBgQCZB+0hCEDT8rx3Ulf+ptkl7jHwRnSTMsZ/8wUv\nLWboHmmknUAxs5S+OedFZ9kj3FIwSpXfZqa4TehmWwXCu+0bP+KjTkhs/D/hm+Xs\nBZ8iAae5X79DOeVy5kaWEMeXsSL5fFL7hLvO3f/wOAdo4LXRAkVxt3PP3m0adgR/\n7Ce8gQKBgDSUNa/UVSSZe9E/dwkRsUc5+LWgrk8NnBsH3ddV1pVG43EN4m0ANdnM\nfmNjg+JGU6FZjOL8IzkASrwY5HEFDpseAXBLIrqXcrfUeX3lmM4wPz9OldhaTt1z\n4EuDW2cbKLRMR0/TZQCeXxsUpAjIttf1HgMD6nlhlm4fuTwtbk13\n-----END RSA PRIVATE KEY-----\n",
            "cluster_ca_certificate": "-----BEGIN CERTIFICATE-----\nMIIDBjCCAe6gAwIBAgIBATANBgkqhkiG9w0BAQsFADAVMRMwEQYDVQQDEwptaW5p\na3ViZUNBMB4XDTI2MDExODE5NTUxNFoXDTM2MDExNzE5NTUxNFowFTETMBEGA1UE\nAxMKbWluaWt1YmVDQTCCASIwDQYJKoZIhvcNAQEBBQADggEPADCCAQoCggEBANGu\nk9rs3FivS9XewAqXEfdNmQzbnNdcJ7WPdblNF0hIUe7cqcLYOy1ab5CKsYAi1O1t\n/zJYV1Sn+HnnlRzouUc4XPLqbWbpwRkNIzDC48Id2surkj3w9cxeeCOvF2ZNiFxf\ntSrY5QlwAKuKqH+2pLaoQzayYBTturyMCwnPz/P2PJJS0Kt2XSkykBEKmuRF4iId\neosWZ2kzB+OaShxLV+273Jsg4GyRaVRC0AXzedGdbY9KdnR3b9V4SwAvHPV3xtD/\norupM72BfPQ+BqE7I5SD98c7p4hRJO+aYC6URp7TYzfv1otPKuysMfIE0SD552/c\n7CoLm94WBWOCNsVXbpMCAwEAAaNhMF8wDgYDVR0PAQH/BAQDAgKkMB0GA1UdJQQW\nMBQGCCsGAQUFBwMCBggrBgEFBQcDATAPBgNVHRMBAf8EBTADAQH/MB0GA1UdDgQW\nBBRQUJ/McaL9e0K2TxuC9FUCV2NxojANBgkqhkiG9w0BAQsFAAOCAQEAgepJZ1ZE\ntxYKb3xNMUyPVdqaLaFXGIvR8qkWEUlWRI629mCVJJ/a7lv0LfaNXf3Yxf2l+2Zf\n1n+sgsPGQMUvuFyGl8pVBiRd6q0cOUq62giHYevCWnrmnei2MHhWH3O53M6ZA/wZ\nC4qdUWVCbhu7yY1Yxj9C61qx8bOV1rSruohzQW2kX7O5w94i3SMxBuKQVQhhhYoO\ne0nx4yFeUHuzN6jl6LtY00blqTmhsSbjWif2wdk+qiEV3DXKWtmxN1RH0DIwZmkf\nuai+y7rt/GwEPBcrUYJzLQ6R79Nntl5bAhYLl6cB2xbiUZfB3UdfrK6o3Z8WFFVJ\nJt4O7fAP7Fu9Vg==\n-----END CERTIFICATE-----\n",
            "cluster_name": "terraform-cstrader",
            "cni": "bridge",
            "container_runtime": "docker",
            "cpus": "2",
            "cri_socket": "",
            "delete_on_failure": false,
            "disable_coredns_log": false,
            "disable_driver_mounts": false,
            "disable_metrics": false,
            "disable_optimizations": false,
            "disk_size": "20000mb",
            "dns_domain": "cluster.local",
            "dns_proxy": false,
            "docker_env": null,
            "docker_opt": null,
            "download_only": false,
            "driver": "docker",
            "dry_run": false,
            "embed_certs": false,
            "extra_config": [],
            "extra_disks": 0,
            "feature_gates": "",
            "force": false,
            "force_systemd": false,
            "gpus": null,
            "ha": false,
            "host": "https://192.168.49.2:8443",
            "host_dns_resolver": true,
            "host_only_cidr": "192.168.59.1/24",
            "host_only_nic_type": "virtio",
            "hyperkit_vpnkit_sock": "",
            "hyperkit_vsock_ports": [],
            "hyperv_external_adapter": "",
            "hyperv_use_external_switch": false,
            "hyperv_virtual_switch": "",
            "id": "terraform-cstrader",
            "image_mirror_country": null,
            "image_repository": "",
            "insecure_registry": [],
            "install_addons": true,
            "interactive": true,
            "iso_url": [
              "https://github.com/kubernetes/minikube/releases/download/v1.37.0/minikube-v1.37.0-amd64.iso"
            ],
            "keep_context": false,
            "kubernetes_version": null,
            "kvm_gpu": false,
            "kvm_hidden": false,
            "kvm_network": "default",
            "kvm_numa_count": 1,
            "kvm_qemu_uri": "qemu:///system",
            "listen_address": "",
            "memory": "4096mb",
            "mount": false,
            "mount_9p_version": "9p2000.L",
            "mount_gid": "docker",
            "mount_ip": null,
            "mount_msize": 262144,
            "mount_options": null,
            "mount_port": 0,
            "mount_string": "/home:/minikube-host",
            "mount_type": "9p",
            "mount_uid": "docker",
            "namespace": "default",
            "nat_nic_type": "virtio",
            "native_ssh": true,
            "network": "",
            "nfs_share": [],
            "nfs_shares_root": "/nfsshares",
            "no_kubernetes": false,
            "no_vtx_check": false,
            "nodes": 1,
            "output": "text",
            "ports": [],
            "preload": true,
            "qemu_firmware_path": null,
            "registry_mirror": [],
            "service_cluster_ip_range": "10.96.0.0/12",
            "socket_vmnet_client_path": "/usr/local/opt/socket_vmnet/bin/socket_vmnet_client",
            "socket_vmnet_path": "/usr/local/var/run/socket_vmnet",
            "ssh_ip_address": "",
            "ssh_key": "",
            "ssh_port": 22,
            "ssh_user": "root",
            "static_ip": null,
            "subnet": null,
            "trace": null,
            "uuid": "",
            "vm": false,
            "wait": null,
            "wait_timeout": 6
          },
          "sensitive_attributes": [
            [
              {
                "type": "get_attr",
                "value": "client_certificate"
              }
            ],
            [
              {
                "type": "get_attr",
                "value": "client_key"
              }
            ],
            [
              {
                "type": "get_attr",
                "value": "cluster_ca_certificate"
              }
            ]
          ],
          "identity_schema_version": 0,
          "private": "bnVsbA=="
        }
      ]
    },
    {
      "mode": "managed",
      "type": "null_resource",
      "name": "docker_build_load",
      "provider": "provider[\"registry.terraform.io/hashicorp/null\"]",
      "instances": [
        {
          "schema_version": 0,
          "attributes": {
            "id": "1889083567006884952",
            "triggers": {
              "always_run": "2026-01-19T20:33:47Z"
            }
          },
          "sensitive_attributes": [],
          "identity_schema_version": 0,
          "dependencies": [
            "minikube_cluster.docker"
          ]
        }
      ]
    },
    {
      "mode": "managed",
      "type": "null_resource",
      "name": "fix_ingress_webhook",
      "provider": "provider[\"registry.terraform.io/hashicorp/null\"]",
      "instances": [
        {
          "schema_version": 0,
          "attributes": {
            "id": "2373188358530977901",
            "triggers": {
              "always_run": "2026-01-19T20:35:39Z"
            }
          },
          "sensitive_attributes": [],
          "identity_schema_version": 0,
          "dependencies": [
            "minikube_cluster.docker"
          ]
        }
      ]
    },
    {
      "mode": "managed",
      "type": "tls_private_key",
      "name": "cstrader_key",
      "provider": "provider[\"registry.terraform.io/hashicorp/tls\"]",
      "instances": [
        {
          "schema_version": 1,
          "attributes": {
            "algorithm": "RSA",
            "ecdsa_curve": "P224",
            "id": "21ff69d74c21c88176264608774f9c00198eef0c",
            "private_key_openssh": "-----BEGIN OPENSSH PRIVATE KEY-----\nb3BlbnNzaC1rZXktdjEAAAAABG5vbmUAAAAEbm9uZQAAAAAAAAABAAABFwAAAAdz\nc2gtcnNhAAAAAwEAAQAAAQEA1MLFMH+A85B2Jvr+q9WNgBX+mjJRjFXe8QpqHGsb\nYxFwypug+ohP0JVe2iAfzwuk6o++SRRzuoPn1dh2I/FmwnApNGVg7Fql2BrRt9HY\nfCgON2JiJ7cxuqH2ayEOXzRA87fIU5ebfg9T5iEeiodrcr/k7pwOZk5EHLwmz7id\nxqbio2PR/TCmNDaFutL4nMDfXPM0WWDNRO59faTE8+Qz2vASOGK5l5/1Ny7yXc0K\npM0Zd2XjkWQJzAd0O53bEA1NbwKa9kzsm6S9UCWjNqJlgxN+CxWmNB06Dgmaeu/+\nTw02oI1IyRy5WghYe40SB9+VcyhZ56yvrNMkHfg7SO+RMwAAA7hKkNZwSpDWcAAA\nAAdzc2gtcnNhAAABAQDUwsUwf4DzkHYm+v6r1Y2AFf6aMlGMVd7xCmocaxtjEXDK\nm6D6iE/QlV7aIB/PC6Tqj75JFHO6g+fV2HYj8WbCcCk0ZWDsWqXYGtG30dh8KA43\nYmIntzG6ofZrIQ5fNEDzt8hTl5t+D1PmIR6Kh2tyv+TunA5mTkQcvCbPuJ3GpuKj\nY9H9MKY0NoW60vicwN9c8zRZYM1E7n19pMTz5DPa8BI4YrmXn/U3LvJdzQqkzRl3\nZeORZAnMB3Q7ndsQDU1vApr2TOybpL1QJaM2omWDE34LFaY0HToOCZp67/5PDTag\njUjJHLlaCFh7jRIH35VzKFnnrK+s0yQd+DtI75EzAAAAAwEAAQAAAQADeuwezvcd\nBM/p81EXHnciEToI66nJ0d3Ds5fovxfDlxVxOvp3HqOvlcHnb38Vs+sOqytBpsP9\n2QqBxPipvdkgdRU3djEPrKvpzQaBKz2PSlhxL3rLi4OUufF97xx9Ei29ztPICkLQ\n3Q9SRFhri6uGRP1JqePSaJVUov8/hpWOGkUQ4J/7H210X7mccImJI02/kHuY6Nx+\nUk2k752ODAbkaoyHCmOmWrnPG3dxi1cury1vq/1Og8DwxtQql6BcM/Xhvxy6ygs0\nkA7su0W6VpvSE+VouGuP/xMjSxHefEiW6QSXUxPUc3M2CaFHmmFTlFWxX7NSQFNz\nL3UHQ7hkAQeBAAAAgHqzimgtev7IRWSKnxOFpUgUC5QcMP7QJYvCzuzb6wbDfmvN\nrY0+5I0HOwm0zyJ20ygGr2oyPlpihQ/J7Yx46dZb3CPFznXB2z6cuFfBqEO192PP\nKqNvIb+qbrAw+BOPbQZjHtXBYOsqKT/usX5633WyqA5aQJUtEuvv4f7s0nH7AAAA\ngQDWBYfZcukOC68oBavcbNqxfqCPCsAmWLh0OwS7rqAZ4G/E1Wx4AMFtOE9Ut02d\nYjJHwLDLjUmid5LgibrziF1YgNTmrbXmrcjHBe7dC8pO7SxBFId0iyjHflwrH33m\n4TszCLMimccTO/fmCLR6Wr73uxM8ufk1DKFYEPai0tyc3wAAAIEA/n3u3s8ycQqi\nl+/dFg5EDp3KP7iMQd02/+PB1FYVEjscu9Adu64uuyPSlrjv+D1D3XOAUqRT2N/5\nILqIaIan0S3w7w2osjPENDDafDsApbSJv656ERU4eaM1wSKSyj+V9DpRwQs1QIIp\ncid28AtMQKeCzHk/fZut7NVsqbiZwi0AAAAAAQID\n-----END OPENSSH PRIVATE KEY-----\n",
            "private_key_pem": "-----BEGIN RSA PRIVATE KEY-----\nMIIEowIBAAKCAQEA1MLFMH+A85B2Jvr+q9WNgBX+mjJRjFXe8QpqHGsbYxFwypug\n+ohP0JVe2iAfzwuk6o++SRRzuoPn1dh2I/FmwnApNGVg7Fql2BrRt9HYfCgON2Ji\nJ7cxuqH2ayEOXzRA87fIU5ebfg9T5iEeiodrcr/k7pwOZk5EHLwmz7idxqbio2PR\n/TCmNDaFutL4nMDfXPM0WWDNRO59faTE8+Qz2vASOGK5l5/1Ny7yXc0KpM0Zd2Xj\nkWQJzAd0O53bEA1NbwKa9kzsm6S9UCWjNqJlgxN+CxWmNB06Dgmaeu/+Tw02oI1I\nyRy5WghYe40SB9+VcyhZ56yvrNMkHfg7SO+RMwIDAQABAoIBAAN67B7O9x0Ez+nz\nURcedyIROgjrqcnR3cOzl+i/F8OXFXE6+nceo6+VwedvfxWz6w6rK0Gmw/3ZCoHE\n+Km92SB1FTd2MQ+sq+nNBoErPY9KWHEvesuLg5S58X3vHH0SLb3O08gKQtDdD1JE\nWGuLq4ZE/Ump49JolVSi/z+GlY4aRRDgn/sfbXRfuZxwiYkjTb+Qe5jo3H5STaTv\nnY4MBuRqjIcKY6Zauc8bd3GLVy6vLW+r/U6DwPDG1CqXoFwz9eG/HLrKCzSQDuy7\nRbpWm9IT5Wi4a4//EyNLEd58SJbpBJdTE9RzczYJoUeaYVOUVbFfs1JAU3MvdQdD\nuGQBB4ECgYEA1gWH2XLpDguvKAWr3GzasX6gjwrAJli4dDsEu66gGeBvxNVseADB\nbThPVLdNnWIyR8Cwy41JoneS4Im684hdWIDU5q215q3IxwXu3QvKTu0sQRSHdIso\nx35cKx995uE7MwizIpnHEzv35gi0elq+97sTPLn5NQyhWBD2otLcnN8CgYEA/n3u\n3s8ycQqil+/dFg5EDp3KP7iMQd02/+PB1FYVEjscu9Adu64uuyPSlrjv+D1D3XOA\nUqRT2N/5ILqIaIan0S3w7w2osjPENDDafDsApbSJv656ERU4eaM1wSKSyj+V9DpR\nwQs1QIIpcid28AtMQKeCzHk/fZut7NVsqbiZwi0CgYAITEyZHMB2f/N5nMauFDZi\nfWNiSGts0THNp+AmGr4wYqhSvGepO3ZEctN4mGbU/FKwv4LbUY4SU4qJVC3AdYAR\nB2W5z/BmkkRfmxZI0cU1TDLUDyS1WxPosDiIn371LbRq5SJ06/tw/nk9HQdKWyxe\nVI2JZDiKWwQCcx3s8DoHhwKBgQDlwI+Me4ZQY4eSn6v7I3nxsCZNDLEjLTFgJyBw\nMB7pzJAORr7xFzl9HcQa6m9KrxS7snChK1W/L8Tb9Ur9AsQypsUjLDOmXfG+JHS7\nPxFAiBLsB/qPvZa0ydHXwPzAtlMMoDH6k8HJsTj1pAdOgwSeQhxluPjGz2tfqvZk\n6xF1KQKBgHqzimgtev7IRWSKnxOFpUgUC5QcMP7QJYvCzuzb6wbDfmvNrY0+5I0H\nOwm0zyJ20ygGr2oyPlpihQ/J7Yx46dZb3CPFznXB2z6cuFfBqEO192PPKqNvIb+q\nbrAw+BOPbQZjHtXBYOsqKT/usX5633WyqA5aQJUtEuvv4f7s0nH7\n-----END RSA PRIVATE KEY-----\n",
            "private_key_pem_pkcs8": "-----BEGIN PRIVATE KEY-----\nMIIEvQIBADANBgkqhkiG9w0BAQEFAASCBKcwggSjAgEAAoIBAQDUwsUwf4DzkHYm\n+v6r1Y2AFf6aMlGMVd7xCmocaxtjEXDKm6D6iE/QlV7aIB/PC6Tqj75JFHO6g+fV\n2HYj8WbCcCk0ZWDsWqXYGtG30dh8KA43YmIntzG6ofZrIQ5fNEDzt8hTl5t+D1Pm\nIR6Kh2tyv+TunA5mTkQcvCbPuJ3GpuKjY9H9MKY0NoW60vicwN9c8zRZYM1E7n19\npMTz5DPa8BI4YrmXn/U3LvJdzQqkzRl3ZeORZAnMB3Q7ndsQDU1vApr2TOybpL1Q\nJaM2omWDE34LFaY0HToOCZp67/5PDTagjUjJHLlaCFh7jRIH35VzKFnnrK+s0yQd\n+DtI75EzAgMBAAECggEAA3rsHs73HQTP6fNRFx53IhE6COupydHdw7OX6L8Xw5cV\ncTr6dx6jr5XB529/FbPrDqsrQabD/dkKgcT4qb3ZIHUVN3YxD6yr6c0GgSs9j0pY\ncS96y4uDlLnxfe8cfRItvc7TyApC0N0PUkRYa4urhkT9Sanj0miVVKL/P4aVjhpF\nEOCf+x9tdF+5nHCJiSNNv5B7mOjcflJNpO+djgwG5GqMhwpjplq5zxt3cYtXLq8t\nb6v9ToPA8MbUKpegXDP14b8cusoLNJAO7LtFulab0hPlaLhrj/8TI0sR3nxIlukE\nl1MT1HNzNgmhR5phU5RVsV+zUkBTcy91B0O4ZAEHgQKBgQDWBYfZcukOC68oBavc\nbNqxfqCPCsAmWLh0OwS7rqAZ4G/E1Wx4AMFtOE9Ut02dYjJHwLDLjUmid5Lgibrz\niF1YgNTmrbXmrcjHBe7dC8pO7SxBFId0iyjHflwrH33m4TszCLMimccTO/fmCLR6\nWr73uxM8ufk1DKFYEPai0tyc3wKBgQD+fe7ezzJxCqKX790WDkQOnco/uIxB3Tb/\n48HUVhUSOxy70B27ri67I9KWuO/4PUPdc4BSpFPY3/kguohohqfRLfDvDaiyM8Q0\nMNp8OwCltIm/rnoRFTh5ozXBIpLKP5X0OlHBCzVAgilyJ3bwC0xAp4LMeT99m63s\n1WypuJnCLQKBgAhMTJkcwHZ/83mcxq4UNmJ9Y2JIa2zRMc2n4CYavjBiqFK8Z6k7\ndkRy03iYZtT8UrC/gttRjhJTiolULcB1gBEHZbnP8GaSRF+bFkjRxTVMMtQPJLVb\nE+iwOIiffvUttGrlInTr+3D+eT0dB0pbLF5UjYlkOIpbBAJzHezwOgeHAoGBAOXA\nj4x7hlBjh5Kfq/sjefGwJk0MsSMtMWAnIHAwHunMkA5GvvEXOX0dxBrqb0qvFLuy\ncKErVb8vxNv1Sv0CxDKmxSMsM6Zd8b4kdLs/EUCIEuwH+o+9lrTJ0dfA/MC2Uwyg\nMfqTwcmxOPWkB06DBJ5CHGW4+MbPa1+q9mTrEXUpAoGAerOKaC16/shFZIqfE4Wl\nSBQLlBww/tAli8LO7NvrBsN+a82tjT7kjQc7CbTPInbTKAavajI+WmKFD8ntjHjp\n1lvcI8XOdcHbPpy4V8GoQ7X3Y88qo28hv6pusDD4E49tBmMe1cFg6yopP+6xfnrf\ndbKoDlpAlS0S6+/h/uzScfs=\n-----END PRIVATE KEY-----\n",
            "public_key_fingerprint_md5": "25:48:d4:35:cb:91:4b:91:6d:dc:87:62:da:f8:2b:72",
            "public_key_fingerprint_sha256": "SHA256:tShtLYh0De9a/bhlLgnqouOEiWfofWr+TbdDGsZ1TWU",
            "public_key_openssh": "ssh-rsa AAAAB3NzaC1yc2EAAAADAQABAAABAQDUwsUwf4DzkHYm+v6r1Y2AFf6aMlGMVd7xCmocaxtjEXDKm6D6iE/QlV7aIB/PC6Tqj75JFHO6g+fV2HYj8WbCcCk0ZWDsWqXYGtG30dh8KA43YmIntzG6ofZrIQ5fNEDzt8hTl5t+D1PmIR6Kh2tyv+TunA5mTkQcvCbPuJ3GpuKjY9H9MKY0NoW60vicwN9c8zRZYM1E7n19pMTz5DPa8BI4YrmXn/U3LvJdzQqkzRl3ZeORZAnMB3Q7ndsQDU1vApr2TOybpL1QJaM2omWDE34LFaY0HToOCZp67/5PDTagjUjJHLlaCFh7jRIH35VzKFnnrK+s0yQd+DtI75Ez\n",
            "public_key_pem": "-----BEGIN PUBLIC KEY-----\nMIIBIjANBgkqhkiG9w0BAQEFAAOCAQ8AMIIBCgKCAQEA1MLFMH+A85B2Jvr+q9WN\ngBX+mjJRjFXe8QpqHGsbYxFwypug+ohP0JVe2iAfzwuk6o++SRRzuoPn1dh2I/Fm\nwnApNGVg7Fql2BrRt9HYfCgON2JiJ7cxuqH2ayEOXzRA87fIU5ebfg9T5iEeiodr\ncr/k7pwOZk5EHLwmz7idxqbio2PR/TCmNDaFutL4nMDfXPM0WWDNRO59faTE8+Qz\n2vASOGK5l5/1Ny7yXc0KpM0Zd2XjkWQJzAd0O53bEA1NbwKa9kzsm6S9UCWjNqJl\ngxN+CxWmNB06Dgmaeu/+Tw02oI1IyRy5WghYe40SB9+VcyhZ56yvrNMkHfg7SO+R\nMwIDAQAB\n-----END PUBLIC KEY-----\n",
            "rsa_bits": 2048
          },
          "sensitive_attributes": [
            [
              {
                "type": "get_attr",
                "value": "private_key_openssh"
              }
            ],
            [
              {
                "type": "get_attr",
                "value": "private_key_pem"
              }
            ],
            [
              {
                "type": "get_attr",
                "value": "private_key_pem_pkcs8"
              }
            ]
          ],
          "identity_schema_version": 0
        }
      ]
    },
    {
      "mode": "managed",
      "type": "tls_self_signed_cert",
      "name": "cstrader_cert",
      "provider": "provider[\"registry.terraform.io/hashicorp/tls\"]",
      "instances": [
        {
          "schema_version": 0,
          "attributes": {
            "allowed_uses": [
              "key_encipherment",
              "digital_signature",
              "server_auth"
            ],
            "cert_pem": "-----BEGIN CERTIFICATE-----\nMIIDHzCCAgegAwIBAgIQINWcWd1jObo45rykIviVuDANBgkqhkiG9w0BAQsFADAw\nMRUwEwYDVQQKEwxDU1RyYWRlciBEZXYxFzAVBgNVBAMTDmNzdHJhZGVyLmxvY2Fs\nMB4XDTI2MDExOTE5NTgwN1oXDTI3MDExOTE5NTgwN1owMDEVMBMGA1UEChMMQ1NU\ncmFkZXIgRGV2MRcwFQYDVQQDEw5jc3RyYWRlci5sb2NhbDCCASIwDQYJKoZIhvcN\nAQEBBQADggEPADCCAQoCggEBANTCxTB/gPOQdib6/qvVjYAV/poyUYxV3vEKahxr\nG2MRcMqboPqIT9CVXtogH88LpOqPvkkUc7qD59XYdiPxZsJwKTRlYOxapdga0bfR\n2HwoDjdiYie3Mbqh9mshDl80QPO3yFOXm34PU+YhHoqHa3K/5O6cDmZORBy8Js+4\nncam4qNj0f0wpjQ2hbrS+JzA31zzNFlgzUTufX2kxPPkM9rwEjhiuZef9Tcu8l3N\nCqTNGXdl45FkCcwHdDud2xANTW8CmvZM7JukvVAlozaiZYMTfgsVpjQdOg4Jmnrv\n/k8NNqCNSMkcuVoIWHuNEgfflXMoWeesr6zTJB34O0jvkTMCAwEAAaM1MDMwDgYD\nVR0PAQH/BAQDAgWgMBMGA1UdJQQMMAoGCCsGAQUFBwMBMAwGA1UdEwEB/wQCMAAw\nDQYJKoZIhvcNAQELBQADggEBAGMAPAOsdj2yDFPOV48IIk45FzzaW+ozaOxGt3pL\n8DdN16sRaRUtQH9YzSNLBiKPecT4zPFQBSc0YuD17y1+rvdO+3XynO2c6OKqwuEL\nlT3dd3V2BalS5o9hiYXl0pCaPmo2kLgIlUHaSkaX5Ab2OICdLOAzVowdYWxTRM0Q\ng/NvPb9f2vzWlMPMpv6UHXcLSB8aH/SuICUMbN0+Y9sjoMvyy1vKW/xq+8G/luqU\nU+Z9fVI7TpcnlFs/gX0jrqV5UxtWCef9cxvC+oHO15OC9rJwl6Za+H8LsgPo3GFv\nLzNWdEX0QDbpivoNTamroM37xJt9gTs3E7882C1i/yj+mEU=\n-----END CERTIFICATE-----\n",
            "dns_names": null,
            "early_renewal_hours": 0,
            "id": "43644426271706003084654204923848201656",
            "ip_addresses": null,
            "is_ca_certificate": false,
            "key_algorithm": "RSA",
            "private_key_pem": "-----BEGIN RSA PRIVATE KEY-----\nMIIEowIBAAKCAQEA1MLFMH+A85B2Jvr+q9WNgBX+mjJRjFXe8QpqHGsbYxFwypug\n+ohP0JVe2iAfzwuk6o++SRRzuoPn1dh2I/FmwnApNGVg7Fql2BrRt9HYfCgON2Ji\nJ7cxuqH2ayEOXzRA87fIU5ebfg9T5iEeiodrcr/k7pwOZk5EHLwmz7idxqbio2PR\n/TCmNDaFutL4nMDfXPM0WWDNRO59faTE8+Qz2vASOGK5l5/1Ny7yXc0KpM0Zd2Xj\nkWQJzAd0O53bEA1NbwKa9kzsm6S9UCWjNqJlgxN+CxWmNB06Dgmaeu/+Tw02oI1I\nyRy5WghYe40SB9+VcyhZ56yvrNMkHfg7SO+RMwIDAQABAoIBAAN67B7O9x0Ez+nz\nURcedyIROgjrqcnR3cOzl+i/F8OXFXE6+nceo6+VwedvfxWz6w6rK0Gmw/3ZCoHE\n+Km92SB1FTd2MQ+sq+nNBoErPY9KWHEvesuLg5S58X3vHH0SLb3O08gKQtDdD1JE\nWGuLq4ZE/Ump49JolVSi/z+GlY4aRRDgn/sfbXRfuZxwiYkjTb+Qe5jo3H5STaTv\nnY4MBuRqjIcKY6Zauc8bd3GLVy6vLW+r/U6DwPDG1CqXoFwz9eG/HLrKCzSQDuy7\nRbpWm9IT5Wi4a4//EyNLEd58SJbpBJdTE9RzczYJoUeaYVOUVbFfs1JAU3MvdQdD\nuGQBB4ECgYEA1gWH2XLpDguvKAWr3GzasX6gjwrAJli4dDsEu66gGeBvxNVseADB\nbThPVLdNnWIyR8Cwy41JoneS4Im684hdWIDU5q215q3IxwXu3QvKTu0sQRSHdIso\nx35cKx995uE7MwizIpnHEzv35gi0elq+97sTPLn5NQyhWBD2otLcnN8CgYEA/n3u\n3s8ycQqil+/dFg5EDp3KP7iMQd02/+PB1FYVEjscu9Adu64uuyPSlrjv+D1D3XOA\nUqRT2N/5ILqIaIan0S3w7w2osjPENDDafDsApbSJv656ERU4eaM1wSKSyj+V9DpR\nwQs1QIIpcid28AtMQKeCzHk/fZut7NVsqbiZwi0CgYAITEyZHMB2f/N5nMauFDZi\nfWNiSGts0THNp+AmGr4wYqhSvGepO3ZEctN4mGbU/FKwv4LbUY4SU4qJVC3AdYAR\nB2W5z/BmkkRfmxZI0cU1TDLUDyS1WxPosDiIn371LbRq5SJ06/tw/nk9HQdKWyxe\nVI2JZDiKWwQCcx3s8DoHhwKBgQDlwI+Me4ZQY4eSn6v7I3nxsCZNDLEjLTFgJyBw\nMB7pzJAORr7xFzl9HcQa6m9KrxS7snChK1W/L8Tb9Ur9AsQypsUjLDOmXfG+JHS7\nPxFAiBLsB/qPvZa0ydHXwPzAtlMMoDH6k8HJsTj1pAdOgwSeQhxluPjGz2tfqvZk\n6xF1KQKBgHqzimgtev7IRWSKnxOFpUgUC5QcMP7QJYvCzuzb6wbDfmvNrY0+5I0H\nOwm0zyJ20ygGr2oyPlpihQ/J7Yx46dZb3CPFznXB2z6cuFfBqEO192PPKqNvIb+q\nbrAw+BOPbQZjHtXBYOsqKT/usX5633WyqA5aQJUtEuvv4f7s0nH7\n-----END RSA PRIVATE KEY-----\n",
            "ready_for_renewal": false,
            "set_authority_key_id": false,
            "set_subject_key_id": false,
            "subject": [
              {
                "common_name": "cstrader.local",
                "country": null,
                "email_address": null,
                "locality": null,
                "organization": "CSTrader Dev",
                "organizational_unit": null,
                "postal_code": null,
                "province": null,
                "serial_number": null,
                "street_address": null
              }
            ],
            "uris": null,
            "validity_end_time": "2027-01-19T19:58:07.802521533Z",
            "validity_period_hours": 8760,
            "validity_start_time": "2026-01-19T19:58:07.802521533Z"
          },
          "sensitive_attributes": [
            [
              {
                "type": "get_attr",
                "value": "private_key_pem"
              }
            ]
          ],
          "identity_schema_version": 0,
          "dependencies": [
            "tls_private_key.cstrader_key"
          ]
        }
      ]
    }
  ],
  "check_results": null
}
